
Microsoft Visual Studio Solution File, Format Version 12.00
# Visual Studio Version 16
VisualStudioVersion = 16.0.30413.136
MinimumVisualStudioVersion = 10.0.40219.1
Project("{FAE04EC0-301F-11D3-BF4B-00C04F79EFBC}") = "Test", "Test\Test.csproj", "{4DB3744C-97CF-4574-807D-D33DB9CC70EC}"
EndProject
Global
	GlobalSection(SolutionConfigurationPlatforms) = preSolution
		Debug|Any CPU = Debug|Any CPU
		Release|Any CPU = Release|Any CPU
	EndGlobalSection
	GlobalSection(ProjectConfigurationPlatforms) = postSolution
		{4DB3744C-97CF-4574-807D-D33DB9CC70EC}.Debug|Any CPU.ActiveCfg = Debug|Any CPU
		{4DB3744C-97CF-4574-807D-D33DB9CC70EC}.Debug|Any CPU.Build.0 = Debug|Any CPU
		{4DB3744C-97CF-4574-807D-D33DB9CC70EC}.Release|Any CPU.ActiveCfg = Release|Any CPU
		{4DB3744C-97CF-4574-807D-D33DB9CC70EC}.Release|Any CPU.Build.0 = Release|Any CPU
	EndGlobalSection
	GlobalSection(SolutionProperties) = preSolution
		HideSolutionNode = FALSE
	EndGlobalSection
	GlobalSection(ExtensibilityGlobals) = postSolution
		SolutionGuid = {EFEF83F4-10EF-4E48-900C-9C31369AA7D4}
	EndGlobalSection
EndGlobal
